
Microsoft Visual Studio Solution File, Format Version 12.00
# Visual Studio Version 17
VisualStudioVersion = 17.5.002.0
MinimumVisualStudioVersion = 10.0.40219.1
Project("{9A19103F-16F7-4668-BE54-9A1E7A4F7556}") = "TodoApi", "TodoApi.csproj", "{F672C8DA-BF8E-4C48-B8BA-7942BA53B013}"
EndProject
Global
	GlobalSection(SolutionConfigurationPlatforms) = preSolution
		Debug|Any CPU = Debug|Any CPU
		Release|Any CPU = Release|Any CPU
	EndGlobalSection
	GlobalSection(ProjectConfigurationPlatforms) = postSolution
		{F672C8DA-BF8E-4C48-B8BA-7942BA53B013}.Debug|Any CPU.ActiveCfg = Debug|Any CPU
		{F672C8DA-BF8E-4C48-B8BA-7942BA53B013}.Debug|Any CPU.Build.0 = Debug|Any CPU
		{F672C8DA-BF8E-4C48-B8BA-7942BA53B013}.Release|Any CPU.ActiveCfg = Release|Any CPU
		{F672C8DA-BF8E-4C48-B8BA-7942BA53B013}.Release|Any CPU.Build.0 = Release|Any CPU
	EndGlobalSection
	GlobalSection(SolutionProperties) = preSolution
		HideSolutionNode = FALSE
	EndGlobalSection
	GlobalSection(ExtensibilityGlobals) = postSolution
		SolutionGuid = {82F8A77B-EB44-4F9D-8934-ADFEDA4D261C}
	EndGlobalSection
EndGlobal
